
Microsoft Visual Studio Solution File, Format Version 12.00
# Visual Studio Version 17
VisualStudioVersion = 17.10.35013.160
MinimumVisualStudioVersion = 10.0.40219.1
Project("{FAE04EC0-301F-11D3-BF4B-00C04F79EFBC}") = "API_Ejemplo2", "API_Ejemplo2.csproj", "{F434A99A-E666-4ACF-8A0E-9354E4FF7D18}"
EndProject
Global
	GlobalSection(SolutionConfigurationPlatforms) = preSolution
		Debug|Any CPU = Debug|Any CPU
		Release|Any CPU = Release|Any CPU
	EndGlobalSection
	GlobalSection(ProjectConfigurationPlatforms) = postSolution
		{F434A99A-E666-4ACF-8A0E-9354E4FF7D18}.Debug|Any CPU.ActiveCfg = Debug|Any CPU
		{F434A99A-E666-4ACF-8A0E-9354E4FF7D18}.Debug|Any CPU.Build.0 = Debug|Any CPU
		{F434A99A-E666-4ACF-8A0E-9354E4FF7D18}.Release|Any CPU.ActiveCfg = Release|Any CPU
		{F434A99A-E666-4ACF-8A0E-9354E4FF7D18}.Release|Any CPU.Build.0 = Release|Any CPU
	EndGlobalSection
	GlobalSection(SolutionProperties) = preSolution
		HideSolutionNode = FALSE
	EndGlobalSection
	GlobalSection(ExtensibilityGlobals) = postSolution
		SolutionGuid = {18F90A62-F583-469D-B6FE-B75E76337A91}
	EndGlobalSection
EndGlobal
